Microsoft Visual Studio Solution File, Format Version 12.00
# Visual Studio Version 17
VisualStudioVersion = 17.5.2.0
MinimumVisualStudioVersion = 10.0.40219.1
Project("{FAE04EC0-301F-11D3-BF4B-00C04F79EFBC}") = "gymvenience", "gymvenience.csproj", "{69F8BB89-E541-7F25-B1C5-60F697FB90B5}"
EndProject
Global
	GlobalSection(SolutionConfigurationPlatforms) = preSolution
		Debug|Any CPU = Debug|Any CPU
		Release|Any CPU = Release|Any CPU
	EndGlobalSection
	GlobalSection(ProjectConfigurationPlatforms) = postSolution
		{69F8BB89-E541-7F25-B1C5-60F697FB90B5}.Debug|Any CPU.ActiveCfg = Debug|Any CPU
		{69F8BB89-E541-7F25-B1C5-60F697FB90B5}.Debug|Any CPU.Build.0 = Debug|Any CPU
		{69F8BB89-E541-7F25-B1C5-60F697FB90B5}.Release|Any CPU.ActiveCfg = Release|Any CPU
		{69F8BB89-E541-7F25-B1C5-60F697FB90B5}.Release|Any CPU.Build.0 = Release|Any CPU
	EndGlobalSection
	GlobalSection(SolutionProperties) = preSolution
		HideSolutionNode = FALSE
	EndGlobalSection
	GlobalSection(ExtensibilityGlobals) = postSolution
		SolutionGuid = {3F5A108E-2B61-4A1D-B2E6-6048218AE347}
	EndGlobalSection
EndGlobal
